
Microsoft Visual Studio Solution File, Format Version 12.00
# Visual Studio Version 17
VisualStudioVersion = 17.7.34031.279
MinimumVisualStudioVersion = 10.0.40219.1
Project("{FAE04EC0-301F-11D3-BF4B-00C04F79EFBC}") = "DCI_DELIVERY_ORDER_BATCH", "DCI_DELIVERY_ORDER_BATCH\DCI_DELIVERY_ORDER_BATCH.csproj", "{63588871-E94C-45F5-B0CA-FE1D85538D8F}"
EndProject
Global
	GlobalSection(SolutionConfigurationPlatforms) = preSolution
		Debug|Any CPU = Debug|Any CPU
		Release|Any CPU = Release|Any CPU
	EndGlobalSection
	GlobalSection(ProjectConfigurationPlatforms) = postSolution
		{63588871-E94C-45F5-B0CA-FE1D85538D8F}.Debug|Any CPU.ActiveCfg = Debug|Any CPU
		{63588871-E94C-45F5-B0CA-FE1D85538D8F}.Debug|Any CPU.Build.0 = Debug|Any CPU
		{63588871-E94C-45F5-B0CA-FE1D85538D8F}.Release|Any CPU.ActiveCfg = Release|Any CPU
		{63588871-E94C-45F5-B0CA-FE1D85538D8F}.Release|Any CPU.Build.0 = Release|Any CPU
	EndGlobalSection
	GlobalSection(SolutionProperties) = preSolution
		HideSolutionNode = FALSE
	EndGlobalSection
	GlobalSection(ExtensibilityGlobals) = postSolution
		SolutionGuid = {B885D1C6-63CB-4A46-8E56-C73D1380CB18}
	EndGlobalSection
EndGlobal
